
Microsoft Visual Studio Solution File, Format Version 12.00
# Visual Studio Version 17
VisualStudioVersion = 17.0.32112.339
MinimumVisualStudioVersion = 10.0.40219.1
Project("{FAE04EC0-301F-11D3-BF4B-00C04F79EFBC}") = "Fascade", "Fascade\Fascade.csproj", "{8EF82C35-A505-46D2-A933-55343B0972C6}"
EndProject
Project("{FAE04EC0-301F-11D3-BF4B-00C04F79EFBC}") = "Decorator", "Decorator\Decorator.csproj", "{2177D142-2F22-4D7F-8010-EAFDC79E2884}"
EndProject
Global
	GlobalSection(SolutionConfigurationPlatforms) = preSolution
		Debug|Any CPU = Debug|Any CPU
		Release|Any CPU = Release|Any CPU
	EndGlobalSection
	GlobalSection(ProjectConfigurationPlatforms) = postSolution
		{8EF82C35-A505-46D2-A933-55343B0972C6}.Debug|Any CPU.ActiveCfg = Debug|Any CPU
		{8EF82C35-A505-46D2-A933-55343B0972C6}.Debug|Any CPU.Build.0 = Debug|Any CPU
		{8EF82C35-A505-46D2-A933-55343B0972C6}.Release|Any CPU.ActiveCfg = Release|Any CPU
		{8EF82C35-A505-46D2-A933-55343B0972C6}.Release|Any CPU.Build.0 = Release|Any CPU
		{2177D142-2F22-4D7F-8010-EAFDC79E2884}.Debug|Any CPU.ActiveCfg = Debug|Any CPU
		{2177D142-2F22-4D7F-8010-EAFDC79E2884}.Debug|Any CPU.Build.0 = Debug|Any CPU
		{2177D142-2F22-4D7F-8010-EAFDC79E2884}.Release|Any CPU.ActiveCfg = Release|Any CPU
		{2177D142-2F22-4D7F-8010-EAFDC79E2884}.Release|Any CPU.Build.0 = Release|Any CPU
	EndGlobalSection
	GlobalSection(SolutionProperties) = preSolution
		HideSolutionNode = FALSE
	EndGlobalSection
	GlobalSection(ExtensibilityGlobals) = postSolution
		SolutionGuid = {D665EFB2-4308-455B-8B37-CF5E651FC1E2}
	EndGlobalSection
EndGlobal
